Microsoft Visual Studio Solution File, Format Version 12.00
# Visual Studio 14
VisualStudioVersion = 14.0.25420.1
MinimumVisualStudioVersion = 10.0.40219.1
Project("{FAE04EC0-301F-11D3-BF4B-00C04F79EFBC}") = "Labb1", "Labb1\Labb1.csproj", "{7E394743-51B7-420D-A59E-FBDD8E5C69C7}"
EndProject
Project("{2150E333-8FDC-42A3-9474-1A3956D46DE8}") = "Solution Items", "Solution Items", "{0B995AD0-2C67-423C-8EB2-D527504B35F1}"
EndProject
Global
	GlobalSection(SolutionConfigurationPlatforms) = preSolution
		Debug|x86 = Debug|x86
		Release|x86 = Release|x86
	EndGlobalSection
	GlobalSection(ProjectConfigurationPlatforms) = postSolution
		{7E394743-51B7-420D-A59E-FBDD8E5C69C7}.Debug|x86.ActiveCfg = Debug|x86
		{7E394743-51B7-420D-A59E-FBDD8E5C69C7}.Debug|x86.Build.0 = Debug|x86
		{7E394743-51B7-420D-A59E-FBDD8E5C69C7}.Release|x86.ActiveCfg = Release|x86
		{7E394743-51B7-420D-A59E-FBDD8E5C69C7}.Release|x86.Build.0 = Release|x86
	EndGlobalSection
	GlobalSection(SolutionProperties) = preSolution
		HideSolutionNode = FALSE
	EndGlobalSection
EndGlobal
